
Microsoft Visual Studio Solution File, Format Version 12.00
# Visual Studio Version 17
VisualStudioVersion = 17.8.34330.188
MinimumVisualStudioVersion = 10.0.40219.1
Project("{9A19103F-16F7-4668-BE54-9A1E7A4F7556}") = "DottoressaIorio.App", "DottoressaIorio.App\DottoressaIorio.App.csproj", "{B8F3AA86-8AC0-42E0-9D0A-2F7ED40B8FF7}"
EndProject
Project("{2150E333-8FDC-42A3-9474-1A3956D46DE8}") = "web", "web", "{F6F1D482-CD93-4BDD-BC86-B7823E25CAF2}"
EndProject
Global
	GlobalSection(SolutionConfigurationPlatforms) = preSolution
		Debug|Any CPU = Debug|Any CPU
		Release|Any CPU = Release|Any CPU
	EndGlobalSection
	GlobalSection(ProjectConfigurationPlatforms) = postSolution
		{B8F3AA86-8AC0-42E0-9D0A-2F7ED40B8FF7}.Debug|Any CPU.ActiveCfg = Debug|Any CPU
		{B8F3AA86-8AC0-42E0-9D0A-2F7ED40B8FF7}.Debug|Any CPU.Build.0 = Debug|Any CPU
		{B8F3AA86-8AC0-42E0-9D0A-2F7ED40B8FF7}.Release|Any CPU.ActiveCfg = Release|Any CPU
		{B8F3AA86-8AC0-42E0-9D0A-2F7ED40B8FF7}.Release|Any CPU.Build.0 = Release|Any CPU
	EndGlobalSection
	GlobalSection(SolutionProperties) = preSolution
		HideSolutionNode = FALSE
	EndGlobalSection
	GlobalSection(NestedProjects) = preSolution
		{B8F3AA86-8AC0-42E0-9D0A-2F7ED40B8FF7} = {F6F1D482-CD93-4BDD-BC86-B7823E25CAF2}
	EndGlobalSection
	GlobalSection(ExtensibilityGlobals) = postSolution
		SolutionGuid = {CFAACA53-7824-4529-BB93-10234472B6E4}
	EndGlobalSection
EndGlobal
